{
    "version": 3,
    "terraform_version": "0.11.11",
    "serial": 5,
    "lineage": "45d83067-d7e7-d95b-92e1-b41df2c94d79",
    "modules": [
        {
            "path": [
                "root"
            ],
            "outputs": {},
            "resources": {
                "aws_default_route_table.tf_private_rt": {
                    "type": "aws_default_route_table",
                    "depends_on": [
                        "aws_vpc.tf_vpc"
                    ],
                    "primary": {
                        "id": "rtb-020796de198472dec",
                        "attributes": {
                            "default_route_table_id": "rtb-020796de198472dec",
                            "id": "rtb-020796de198472dec",
                            "owner_id": "348547635989",
                            "propagating_vgws.#": "0",
                            "route.#": "0",
                            "tags.%": "1",
                            "tags.Name": "tf_private",
                            "vpc_id": "vpc-0cdcdee234bb4adb0"
                        },
                        "meta": {},
                        "tainted": false
                    },
                    "deposed": [],
                    "provider": "provider.aws"
                },
                "aws_internet_gateway.tf_IGW": {
                    "type": "aws_internet_gateway",
                    "depends_on": [
                        "aws_vpc.tf_vpc"
                    ],
                    "primary": {
                        "id": "igw-0b4f99cd106c07ca9",
                        "attributes": {
                            "id": "igw-0b4f99cd106c07ca9",
                            "owner_id": "348547635989",
                            "tags.%": "1",
                            "tags.Name": "tf_igw",
                            "vpc_id": "vpc-0cdcdee234bb4adb0"
                        },
                        "meta": {},
                        "tainted": false
                    },
                    "deposed": [],
                    "provider": "provider.aws"
                },
                "aws_route_table.tf_public_rt": {
                    "type": "aws_route_table",
                    "depends_on": [
                        "aws_internet_gateway.tf_IGW",
                        "aws_vpc.tf_vpc"
                    ],
                    "primary": {
                        "id": "rtb-0a6b9ec1ab4672b4b",
                        "attributes": {
                            "id": "rtb-0a6b9ec1ab4672b4b",
                            "owner_id": "348547635989",
                            "propagating_vgws.#": "0",
                            "route.#": "1",
                            "route.1187280428.cidr_block": "0.0.0.0/0",
                            "route.1187280428.egress_only_gateway_id": "",
                            "route.1187280428.gateway_id": "igw-0b4f99cd106c07ca9",
                            "route.1187280428.instance_id": "",
                            "route.1187280428.ipv6_cidr_block": "",
                            "route.1187280428.nat_gateway_id": "",
                            "route.1187280428.network_interface_id": "",
                            "route.1187280428.transit_gateway_id": "",
                            "route.1187280428.vpc_peering_connection_id": "",
                            "tags.%": "1",
                            "tags.Name": "tf_public",
                            "vpc_id": "vpc-0cdcdee234bb4adb0"
                        },
                        "meta": {},
                        "tainted": false
                    },
                    "deposed": [],
                    "provider": "provider.aws"
                },
                "aws_route_table_association.tf_public_assoc.0": {
                    "type": "aws_route_table_association",
                    "depends_on": [
                        "aws_route_table.tf_public_rt",
                        "aws_subnet.tf_public_subnet",
                        "aws_subnet.tf_public_subnet.*"
                    ],
                    "primary": {
                        "id": "rtbassoc-01d659572d4e5e379",
                        "attributes": {
                            "id": "rtbassoc-01d659572d4e5e379",
                            "route_table_id": "rtb-0a6b9ec1ab4672b4b",
                            "subnet_id": "subnet-0d479f60c49df81fa"
                        },
                        "meta": {},
                        "tainted": false
                    },
                    "deposed": [],
                    "provider": "provider.aws"
                },
                "aws_route_table_association.tf_public_assoc.1": {
                    "type": "aws_route_table_association",
                    "depends_on": [
                        "aws_route_table.tf_public_rt",
                        "aws_subnet.tf_public_subnet",
                        "aws_subnet.tf_public_subnet.*"
                    ],
                    "primary": {
                        "id": "rtbassoc-017930d40a398b658",
                        "attributes": {
                            "id": "rtbassoc-017930d40a398b658",
                            "route_table_id": "rtb-0a6b9ec1ab4672b4b",
                            "subnet_id": "subnet-0e63ef7ce125a6d50"
                        },
                        "meta": {},
                        "tainted": false
                    },
                    "deposed": [],
                    "provider": "provider.aws"
                },
                "aws_security_group.tf_public_sg": {
                    "type": "aws_security_group",
                    "depends_on": [
                        "aws_vpc.tf_vpc"
                    ],
                    "primary": {
                        "id": "sg-062be145fb4f46824",
                        "attributes": {
                            "arn": "arn:aws:ec2:us-east-1:348547635989:security-group/sg-062be145fb4f46824",
                            "description": "Used for access to the public instances",
                            "egress.#": "1",
                            "egress.482069346.cidr_blocks.#": "1",
                            "egress.482069346.cidr_blocks.0": "0.0.0.0/0",
                            "egress.482069346.description": "",
                            "egress.482069346.from_port": "0",
                            "egress.482069346.ipv6_cidr_blocks.#": "0",
                            "egress.482069346.prefix_list_ids.#": "0",
                            "egress.482069346.protocol": "-1",
                            "egress.482069346.security_groups.#": "0",
                            "egress.482069346.self": "false",
                            "egress.482069346.to_port": "0",
                            "id": "sg-062be145fb4f46824",
                            "ingress.#": "2",
                            "ingress.3848799187.cidr_blocks.#": "1",
                            "ingress.3848799187.cidr_blocks.0": "192.168.1.0/24",
                            "ingress.3848799187.description": "",
                            "ingress.3848799187.from_port": "80",
                            "ingress.3848799187.ipv6_cidr_blocks.#": "0",
                            "ingress.3848799187.prefix_list_ids.#": "0",
                            "ingress.3848799187.protocol": "tcp",
                            "ingress.3848799187.security_groups.#": "0",
                            "ingress.3848799187.self": "false",
                            "ingress.3848799187.to_port": "80",
                            "ingress.612726457.cidr_blocks.#": "1",
                            "ingress.612726457.cidr_blocks.0": "192.168.1.0/24",
                            "ingress.612726457.description": "",
                            "ingress.612726457.from_port": "22",
                            "ingress.612726457.ipv6_cidr_blocks.#": "0",
                            "ingress.612726457.prefix_list_ids.#": "0",
                            "ingress.612726457.protocol": "tcp",
                            "ingress.612726457.security_groups.#": "0",
                            "ingress.612726457.self": "false",
                            "ingress.612726457.to_port": "22",
                            "name": "tf_public_sg",
                            "owner_id": "348547635989",
                            "revoke_rules_on_delete": "false",
                            "tags.%": "0",
                            "vpc_id": "vpc-0cdcdee234bb4adb0"
                        },
                        "meta": {
                            "e2bfb730-ecaa-11e6-8f88-34363bc7c4c0": {
                                "create": 600000000000,
                                "delete": 600000000000
                            },
                            "schema_version": "1"
                        },
                        "tainted": false
                    },
                    "deposed": [],
                    "provider": "provider.aws"
                },
                "aws_subnet.tf_public_subnet.0": {
                    "type": "aws_subnet",
                    "depends_on": [
                        "aws_vpc.tf_vpc",
                        "data.aws_availability_zones.available"
                    ],
                    "primary": {
                        "id": "subnet-0d479f60c49df81fa",
                        "attributes": {
                            "arn": "arn:aws:ec2:us-east-1:348547635989:subnet/subnet-0d479f60c49df81fa",
                            "assign_ipv6_address_on_creation": "false",
                            "availability_zone": "us-east-1a",
                            "availability_zone_id": "use1-az1",
                            "cidr_block": "10.123.1.0/24",
                            "id": "subnet-0d479f60c49df81fa",
                            "ipv6_cidr_block": "",
                            "ipv6_cidr_block_association_id": "",
                            "map_public_ip_on_launch": "true",
                            "owner_id": "348547635989",
                            "tags.%": "1",
                            "tags.Name": "tf_public_1",
                            "vpc_id": "vpc-0cdcdee234bb4adb0"
                        },
                        "meta": {
                            "e2bfb730-ecaa-11e6-8f88-34363bc7c4c0": {
                                "create": 600000000000,
                                "delete": 600000000000
                            },
                            "schema_version": "1"
                        },
                        "tainted": false
                    },
                    "deposed": [],
                    "provider": "provider.aws"
                },
                "aws_subnet.tf_public_subnet.1": {
                    "type": "aws_subnet",
                    "depends_on": [
                        "aws_vpc.tf_vpc",
                        "data.aws_availability_zones.available"
                    ],
                    "primary": {
                        "id": "subnet-0e63ef7ce125a6d50",
                        "attributes": {
                            "arn": "arn:aws:ec2:us-east-1:348547635989:subnet/subnet-0e63ef7ce125a6d50",
                            "assign_ipv6_address_on_creation": "false",
                            "availability_zone": "us-east-1b",
                            "availability_zone_id": "use1-az2",
                            "cidr_block": "10.123.2.0/24",
                            "id": "subnet-0e63ef7ce125a6d50",
                            "ipv6_cidr_block": "",
                            "ipv6_cidr_block_association_id": "",
                            "map_public_ip_on_launch": "true",
                            "owner_id": "348547635989",
                            "tags.%": "1",
                            "tags.Name": "tf_public_2",
                            "vpc_id": "vpc-0cdcdee234bb4adb0"
                        },
                        "meta": {
                            "e2bfb730-ecaa-11e6-8f88-34363bc7c4c0": {
                                "create": 600000000000,
                                "delete": 600000000000
                            },
                            "schema_version": "1"
                        },
                        "tainted": false
                    },
                    "deposed": [],
                    "provider": "provider.aws"
                },
                "aws_vpc.tf_vpc": {
                    "type": "aws_vpc",
                    "depends_on": [],
                    "primary": {
                        "id": "vpc-0cdcdee234bb4adb0",
                        "attributes": {
                            "arn": "arn:aws:ec2:us-east-1:348547635989:vpc/vpc-0cdcdee234bb4adb0",
                            "assign_generated_ipv6_cidr_block": "false",
                            "cidr_block": "10.123.0.0/16",
                            "default_network_acl_id": "acl-0615b8ab8fe81e5ad",
                            "default_route_table_id": "rtb-020796de198472dec",
                            "default_security_group_id": "sg-037551d7699d8ecf9",
                            "dhcp_options_id": "dopt-712eb00a",
                            "enable_classiclink": "false",
                            "enable_classiclink_dns_support": "false",
                            "enable_dns_hostnames": "true",
                            "enable_dns_support": "true",
                            "id": "vpc-0cdcdee234bb4adb0",
                            "instance_tenancy": "default",
                            "ipv6_association_id": "",
                            "ipv6_cidr_block": "",
                            "main_route_table_id": "rtb-020796de198472dec",
                            "owner_id": "348547635989",
                            "tags.%": "1",
                            "tags.Name": "tf_vpc"
                        },
                        "meta": {
                            "schema_version": "1"
                        },
                        "tainted": false
                    },
                    "deposed": [],
                    "provider": "provider.aws"
                },
                "data.aws_availability_zones.available": {
                    "type": "aws_availability_zones",
                    "depends_on": [],
                    "primary": {
                        "id": "2019-01-09 22:53:49.079602922 +0000 UTC",
                        "attributes": {
                            "id": "2019-01-09 22:53:49.079602922 +0000 UTC",
                            "names.#": "6",
                            "names.0": "us-east-1a",
                            "names.1": "us-east-1b",
                            "names.2": "us-east-1c",
                            "names.3": "us-east-1d",
                            "names.4": "us-east-1e",
                            "names.5": "us-east-1f",
                            "zone_ids.#": "6",
                            "zone_ids.0": "use1-az1",
                            "zone_ids.1": "use1-az2",
                            "zone_ids.2": "use1-az4",
                            "zone_ids.3": "use1-az6",
                            "zone_ids.4": "use1-az3",
                            "zone_ids.5": "use1-az5"
                        },
                        "meta": {},
                        "tainted": false
                    },
                    "deposed": [],
                    "provider": "provider.aws"
                }
            },
            "depends_on": []
        }
    ]
}
