{
    "version": 3,
    "terraform_version": "0.11.11",
    "serial": 2,
    "lineage": "330ecddb-e96f-0114-4556-642b9dea3089",
    "modules": [
        {
            "path": [
                "root"
            ],
            "outputs": {
                "bucketname": {
                    "sensitive": false,
                    "type": "string",
                    "value": "terraform-13143"
                }
            },
            "resources": {
                "aws_s3_bucket.tf_code": {
                    "type": "aws_s3_bucket",
                    "depends_on": [
                        "random_id.tf_bucket_id"
                    ],
                    "primary": {
                        "id": "terraform-13143",
                        "attributes": {
                            "acceleration_status": "",
                            "acl": "private",
                            "arn": "arn:aws:s3:::terraform-13143",
                            "bucket": "terraform-13143",
                            "bucket_domain_name": "terraform-13143.s3.amazonaws.com",
                            "bucket_regional_domain_name": "terraform-13143.s3.amazonaws.com",
                            "cors_rule.#": "0",
                            "force_destroy": "true",
                            "hosted_zone_id": "Z3AQBSTGFYJSTF",
                            "id": "terraform-13143",
                            "lifecycle_rule.#": "0",
                            "logging.#": "0",
                            "region": "us-east-1",
                            "replication_configuration.#": "0",
                            "request_payer": "BucketOwner",
                            "server_side_encryption_configuration.#": "0",
                            "tags.%": "1",
                            "tags.Name": "tf_bucket",
                            "versioning.#": "1",
                            "versioning.0.enabled": "false",
                            "versioning.0.mfa_delete": "false",
                            "website.#": "0"
                        },
                        "meta": {},
                        "tainted": false
                    },
                    "deposed": [],
                    "provider": "provider.aws"
                },
                "random_id.tf_bucket_id": {
                    "type": "random_id",
                    "depends_on": [],
                    "primary": {
                        "id": "M1c",
                        "attributes": {
                            "b64": "M1c",
                            "b64_std": "M1c=",
                            "b64_url": "M1c",
                            "byte_length": "2",
                            "dec": "13143",
                            "hex": "3357",
                            "id": "M1c"
                        },
                        "meta": {},
                        "tainted": false
                    },
                    "deposed": [],
                    "provider": "provider.random"
                }
            },
            "depends_on": []
        }
    ]
}
